# This file is generated by running "yarn install" inside your project.
# Manual changes might be lost - proceed with caution!

__metadata:
  version: 7
  cacheKey: 9

"@apollo/client@npm:^3.7.1":
  version: 3.7.1
  resolution: "@apollo/client@npm:3.7.1"
  dependencies:
    "@graphql-typed-document-node/core": "npm:^3.1.1"
    "@wry/context": "npm:^0.7.0"
    "@wry/equality": "npm:^0.5.0"
    "@wry/trie": "npm:^0.3.0"
    graphql-tag: "npm:^2.12.6"
    hoist-non-react-statics: "npm:^3.3.2"
    optimism: "npm:^0.16.1"
    prop-types: "npm:^15.7.2"
    response-iterator: "npm:^0.2.6"
    symbol-observable: "npm:^4.0.0"
    ts-invariant: "npm:^0.10.3"
    tslib: "npm:^2.3.0"
    zen-observable-ts: "npm:^1.2.5"
  peerDependencies:
    graphql: ^14.0.0 || ^15.0.0 || ^16.0.0
    graphql-ws: ^5.5.5
    react: ^16.8.0 || ^17.0.0 || ^18.0.0
    react-dom: ^16.8.0 || ^17.0.0 || ^18.0.0
    subscriptions-transport-ws: ^0.9.0 || ^0.11.0
  peerDependenciesMeta:
    graphql-ws:
      optional: true
    react:
      optional: true
    react-dom:
      optional: true
    subscriptions-transport-ws:
      optional: true
  checksum: 397cbae46c37fb14c01c29d07c1751538f2a25c7982827e36c10bc9c8549d60a763597f8cf429910585ab0588ff77412a9ad30a6c0319412d71ac850d0d497b8
  languageName: node
  linkType: hard

"@fastify/ajv-compiler@npm:^3.3.1":
  version: 3.4.0
  resolution: "@fastify/ajv-compiler@npm:3.4.0"
  dependencies:
    ajv: "npm:^8.11.0"
    ajv-formats: "npm:^2.1.1"
    fast-uri: "npm:^2.0.0"
  checksum: 46f627c287244d78afcb8f9096d7e630e89be33a17ec73c3fdf1e9dcf163e926bf7aaa64fda8da0f6274759f6dff5a0d97830e63348e2f5db0b8917f8d11813e
  languageName: node
  linkType: hard

"@fastify/deepmerge@npm:^1.0.0":
  version: 1.1.0
  resolution: "@fastify/deepmerge@npm:1.1.0"
  checksum: ec9ad04c15519f185acd43eed3b472bdae2fa242cc3e0a5ded827ba8a552794e54208ec159a3d8f152717f6adda63336225bff678a7bbc0b15c916426661c52c
  languageName: node
  linkType: hard

"@fastify/error@npm:^3.0.0":
  version: 3.0.0
  resolution: "@fastify/error@npm:3.0.0"
  checksum: e209ae6206ececce395cb749bf0a65d2f653eae661a1e965a1b43f53475b3d60dd7f9049320fdd790e5b9fb287d0799b92e755ca170bed5b7ce83e57c1288c11
  languageName: node
  linkType: hard

"@fastify/fast-json-stringify-compiler@npm:^4.1.0":
  version: 4.1.0
  resolution: "@fastify/fast-json-stringify-compiler@npm:4.1.0"
  dependencies:
    fast-json-stringify: "npm:^5.0.0"
  checksum: 994b771ecbd84b9bda2c5302e6863f3c52b450adea00ad96a592d450ba69c35c9b190739ca3f05d8bad68703ae27c3f0581fd0ba3c85d64ef6d881ef0c306ae0
  languageName: node
  linkType: hard

"@graphql-typed-document-node/core@npm:^3.1.1":
  version: 3.1.1
  resolution: "@graphql-typed-document-node/core@npm:3.1.1"
  peerDependencies:
    graphql: ^0.8.0 || ^0.9.0 || ^0.10.0 || ^0.11.0 || ^0.12.0 || ^0.13.0 || ^14.0.0 || ^15.0.0 || ^16.0.0
  checksum: 27326aef0d432a5dcb72838b52082c6186cd9af377f5cf64fb9994ca4336d0ca2dac561734dbde419d2b8f3d8937b5f3b0a8d437b165c5d81df036887bc1dd8b
  languageName: node
  linkType: hard

"@types/node@npm:^18.11.9":
  version: 18.11.9
  resolution: "@types/node@npm:18.11.9"
  checksum: 7b7d90894dd1ae9b6836e49ace5bdea55cc08806a508e38851e333f1ad77ec81ea6dca58e6a2444ad0471fee965b9908cc1ef06028eebca9c20d54729df98bab
  languageName: node
  linkType: hard

"@wry/context@npm:^0.7.0":
  version: 0.7.0
  resolution: "@wry/context@npm:0.7.0"
  dependencies:
    tslib: "npm:^2.3.0"
  checksum: 215c9d0822a7ea74c08d27955a2dd6098f368835a920d88e993c21d0938a4ccea52205fcc793c8fd2f0eee90a48cb9e40a7dea85ff72efa071f47e0f05ab406a
  languageName: node
  linkType: hard

"@wry/equality@npm:^0.5.0":
  version: 0.5.3
  resolution: "@wry/equality@npm:0.5.3"
  dependencies:
    tslib: "npm:^2.3.0"
  checksum: 56cb5583a6ac20a227b06f614925e4a9ada4cba22432f07eb2dfd845646b73b499c123e160bf867e596d3c64e4bb83bb1b87ff5b977083bfd6fa50e507e46cb2
  languageName: node
  linkType: hard

"@wry/trie@npm:^0.3.0":
  version: 0.3.2
  resolution: "@wry/trie@npm:0.3.2"
  dependencies:
    tslib: "npm:^2.3.0"
  checksum: d43c68a64e9c2094675cf0bd9b4ba282603a56960fdc0a852d03b735b32e0e94bd337fa3cc8e61df6537be32cf8a802d616d6771903db0970c7c251f32126aea
  languageName: node
  linkType: hard

"abort-controller@npm:^3.0.0":
  version: 3.0.0
  resolution: "abort-controller@npm:3.0.0"
  dependencies:
    event-target-shim: "npm:^5.0.0"
  checksum: 336c22d64efef7142681fc2944db3f448d10b2384d816fc90502ea8d32800c854bd9cd586b168e216ba2e5f4cd0bfb431650a6e5dbc18957e614966ca7649764
  languageName: node
  linkType: hard

"abstract-logging@npm:^2.0.1":
  version: 2.0.1
  resolution: "abstract-logging@npm:2.0.1"
  checksum: 502e63f553ad2ce59d6e4e45b68ed06ab958ded383c4b31df240f94976298570af30d4e3e349c2a260a4083a6d22ab29a18a54af85fba7bce6a116f1b607871c
  languageName: node
  linkType: hard

"ajv-formats@npm:^2.1.1":
  version: 2.1.1
  resolution: "ajv-formats@npm:2.1.1"
  dependencies:
    ajv: "npm:^8.0.0"
  peerDependencies:
    ajv: ^8.0.0
  peerDependenciesMeta:
    ajv:
      optional: true
  checksum: e5f81767fea58d19fd3b90cdbe09036f25d7fab103ffcba684eb4a4bd8b4181c06494a0324c768f409dc3c9643d91382e6e6a16e577396369a281ac39f18207f
  languageName: node
  linkType: hard

"ajv@npm:^8.0.0, ajv@npm:^8.10.0, ajv@npm:^8.11.0":
  version: 8.11.0
  resolution: "ajv@npm:8.11.0"
  dependencies:
    fast-deep-equal: "npm:^3.1.1"
    json-schema-traverse: "npm:^1.0.0"
    require-from-string: "npm:^2.0.2"
    uri-js: "npm:^4.2.2"
  checksum: 08625cf91d13177f3064cf333c7e041bba66f8aa811884a2de5c08b420add67b481779368b0bbf8fc232400b7a3f47aa78459d48ac73e60568c5afec538aa02b
  languageName: node
  linkType: hard

"archy@npm:^1.0.0":
  version: 1.0.0
  resolution: "archy@npm:1.0.0"
  checksum: 68f2a06546740392b40920ffc97362f22cf26fee02cb448a875c28ae916ac4017169d08ce40ad12fa2d11ea1dc2d32c35fad4219f7f3b14a642497719ce4de83
  languageName: node
  linkType: hard

"atomic-sleep@npm:^1.0.0":
  version: 1.0.0
  resolution: "atomic-sleep@npm:1.0.0"
  checksum: b9583d8fafe683ebdd7e516e1e9efc220d2b457dc1ae7e2175d32322f6a355d0d9dbb7eb397e104fca1f4cb9064474ea1697fd2f71d394df07508675a9f7686b
  languageName: node
  linkType: hard

"avvio@npm:^8.2.0":
  version: 8.2.0
  resolution: "avvio@npm:8.2.0"
  dependencies:
    archy: "npm:^1.0.0"
    debug: "npm:^4.0.0"
    fastq: "npm:^1.6.1"
  checksum: 3d75e723814ab1c0270f4a90b6949ca9159ab5c56d4afa6346b2495cf3929b78373de1bf94376c0ae7a8c76f7239d0153decd976c42770f0566720e69ff9620e
  languageName: node
  linkType: hard

"base64-js@npm:^1.3.1":
  version: 1.5.1
  resolution: "base64-js@npm:1.5.1"
  checksum: fbd7996978cfe0dd378103fa8999e4acee99b8840d49f452457fa8cb418bad4c20ec9ef6b196a0dc63591f0416a4b8c8d220607292cdaf3998b88685bc0f6c14
  languageName: node
  linkType: hard

"buffer@npm:^6.0.3":
  version: 6.0.3
  resolution: "buffer@npm:6.0.3"
  dependencies:
    base64-js: "npm:^1.3.1"
    ieee754: "npm:^1.2.1"
  checksum: 8384c4bf1042f6e927d650af0053c54e57734c195f29152921aaa9c6976208e7210ec9202b8cbdac27782e1955497cde631ac9566122ad67062ddc1a04a886c9
  languageName: node
  linkType: hard

"cirrus-nightly-link@workspace:.":
  version: 0.0.0-use.local
  resolution: "cirrus-nightly-link@workspace:."
  dependencies:
    "@apollo/client": "npm:^3.7.1"
    "@types/node": "npm:^18.11.9"
    fastify: "npm:^4.9.2"
    prettier: "npm:^2.7.1"
    typescript: "npm:^4.8.4"
  languageName: unknown
  linkType: soft

"cookie@npm:^0.5.0":
  version: 0.5.0
  resolution: "cookie@npm:0.5.0"
  checksum: 23bd6dd64f025869373c6f3c72a870b9bd0e0e6a0ffe734229c032d7aca51972ba584b39100c09141b18043e790862425aae4a60d7449fca565b21cdae0cb3c3
  languageName: node
  linkType: hard

"debug@npm:^4.0.0":
  version: 4.3.4
  resolution: "debug@npm:4.3.4"
  dependencies:
    ms: "npm:2.1.2"
  peerDependenciesMeta:
    supports-color:
      optional: true
  checksum: ab50d98b6f2a0e803379e8f789017f4215efd0e085774623e462c691e9f99bfd359a35f7424ff401da3ea58b31f89ceebc9ea35779b4a94f78b0ee3e235b6640
  languageName: node
  linkType: hard

"event-target-shim@npm:^5.0.0":
  version: 5.0.1
  resolution: "event-target-shim@npm:5.0.1"
  checksum: 9bac81ec63b29e184fe5d10a8ea09a2957f39dc109a6f594c5e095beae88bf64c63b061ebb867fe883832ca4a8daefda8a92ed55a4f460cedbef25e574fb4466
  languageName: node
  linkType: hard

"events@npm:^3.3.0":
  version: 3.3.0
  resolution: "events@npm:3.3.0"
  checksum: ef0af671f7bdc20f14274c77925c3e47a4df7991563ee1827dff577f66a9ed1a5b63d9adab8bc5949a16a1341883abdaf9df7a1841f8d5d2fc65ab4f5570b32b
  languageName: node
  linkType: hard

"fast-decode-uri-component@npm:^1.0.1":
  version: 1.0.1
  resolution: "fast-decode-uri-component@npm:1.0.1"
  checksum: 47a0e7876b61e6f2661d43abd50cbb1cbb1a3e4eaadc428fbb914a5c78ad1a187f9fc1e4570052eb18d02239fbfd66642cd7b1adee5e927821fba0c93e7096db
  languageName: node
  linkType: hard

"fast-deep-equal@npm:^3.1.1, fast-deep-equal@npm:^3.1.3":
  version: 3.1.3
  resolution: "fast-deep-equal@npm:3.1.3"
  checksum: 5f83fabf1f0bac0df5117e881ee15756dc8a9ee48c8020ed63cb84a7935d78c338dc0982b3b7b6ad0792905f5ef0c35293db9cae2f3208a6f09071c43887a02f
  languageName: node
  linkType: hard

"fast-json-stringify@npm:^5.0.0":
  version: 5.4.1
  resolution: "fast-json-stringify@npm:5.4.1"
  dependencies:
    "@fastify/deepmerge": "npm:^1.0.0"
    ajv: "npm:^8.10.0"
    ajv-formats: "npm:^2.1.1"
    fast-deep-equal: "npm:^3.1.3"
    fast-uri: "npm:^2.1.0"
    rfdc: "npm:^1.2.0"
  checksum: 4130aff62e806fc7d0637c63e9c7ad0ef791e6dfa8494b735412aa6848fda0182fd63633b26d5aff9818974d7e90c599296f8e932c0e07abd57715847e413f7a
  languageName: node
  linkType: hard

"fast-querystring@npm:^1.0.0":
  version: 1.0.0
  resolution: "fast-querystring@npm:1.0.0"
  dependencies:
    fast-decode-uri-component: "npm:^1.0.1"
  checksum: 4be707ce856f10b5377360ce0d76a3583cea4d8ae27c5700e00096b93c4f018e234737d6bc28856ae0e9f6dc4c40ca0f5f93cba78b245824770b115ef693e7df
  languageName: node
  linkType: hard

"fast-redact@npm:^3.1.1":
  version: 3.1.2
  resolution: "fast-redact@npm:3.1.2"
  checksum: 1d85b760a16477565d1bc7139d423fe8102f5444f3d3540e5d43a9021d475d831182e41859d70e0433188f70275f17989022f9d18d14905bd86ac8ef9e35f624
  languageName: node
  linkType: hard

"fast-uri@npm:^2.0.0, fast-uri@npm:^2.1.0":
  version: 2.1.0
  resolution: "fast-uri@npm:2.1.0"
  checksum: b85cfe57851d0b300310d5b4cfc8cc74d9bb5e0cb62e2e72bccef9c63b21b06a7a5f324b1719223f1fd66dccd900ad78a3251773e3ed2ad619c7c77f84dd1626
  languageName: node
  linkType: hard

"fastify@npm:^4.9.2":
  version: 4.9.2
  resolution: "fastify@npm:4.9.2"
  dependencies:
    "@fastify/ajv-compiler": "npm:^3.3.1"
    "@fastify/error": "npm:^3.0.0"
    "@fastify/fast-json-stringify-compiler": "npm:^4.1.0"
    abstract-logging: "npm:^2.0.1"
    avvio: "npm:^8.2.0"
    find-my-way: "npm:^7.3.0"
    light-my-request: "npm:^5.6.1"
    pino: "npm:^8.5.0"
    process-warning: "npm:^2.0.0"
    proxy-addr: "npm:^2.0.7"
    rfdc: "npm:^1.3.0"
    secure-json-parse: "npm:^2.5.0"
    semver: "npm:^7.3.7"
    tiny-lru: "npm:^9.0.2"
  checksum: c5a9b24469ef8b83b2a97a816433946064b08f286798ec5258e6d2eb3618063ffb9782a6ad0e2f16390cd4b44b59fdd44ccdfdfffb17f01d896eb2fe9ea50e01
  languageName: node
  linkType: hard

"fastq@npm:^1.6.1":
  version: 1.13.0
  resolution: "fastq@npm:1.13.0"
  dependencies:
    reusify: "npm:^1.0.4"
  checksum: 150b77dcf0d1e023aaed9bb5f9789f9c8828497fa44b050ba79b039798aeee6c4bcab7e533b5bacb6476811ca9c0eb7f1d021fd7ff8da54f67e3db9b35efd84c
  languageName: node
  linkType: hard

"find-my-way@npm:^7.3.0":
  version: 7.3.1
  resolution: "find-my-way@npm:7.3.1"
  dependencies:
    fast-deep-equal: "npm:^3.1.3"
    fast-querystring: "npm:^1.0.0"
    safe-regex2: "npm:^2.0.0"
  checksum: 81a972d69c319a57815597992827f3415ac1d22e0a930310da7400d4cd62337f153b5107a74df06f9340a255c3e4e55478757b16ea0fcc7996b7bfa51f4747a6
  languageName: node
  linkType: hard

"forwarded@npm:0.2.0":
  version: 0.2.0
  resolution: "forwarded@npm:0.2.0"
  checksum: d1d18e065b310fb44e3190497119b810db59da95a8ac0ba186e94385484c72e189e9a5da404a209886fdcfaacc1efcb066e7d90c4281dfd7e3ce3ccd18a8dd32
  languageName: node
  linkType: hard

"graphql-tag@npm:^2.12.6":
  version: 2.12.6
  resolution: "graphql-tag@npm:2.12.6"
  dependencies:
    tslib: "npm:^2.1.0"
  peerDependencies:
    graphql: ^0.9.0 || ^0.10.0 || ^0.11.0 || ^0.12.0 || ^0.13.0 || ^14.0.0 || ^15.0.0 || ^16.0.0
  checksum: 35c9fbdc43bb9eddfa4223c19ce9a34370ee89c77e00e1b797d864e5eebac2551a52c42850d68a3be5fe7540d99cfa009e1f43cb79d2170f96bcce8eb7fc86cf
  languageName: node
  linkType: hard

"hoist-non-react-statics@npm:^3.3.2":
  version: 3.3.2
  resolution: "hoist-non-react-statics@npm:3.3.2"
  dependencies:
    react-is: "npm:^16.7.0"
  checksum: fb03b1e426696928dfbae467baf12bdf123fccb051d92fd677c4f290d43dea52ebe7a555c3afc6f3babc657961df2ab50a70bb13739be72904f893598b98b8d7
  languageName: node
  linkType: hard

"ieee754@npm:^1.2.1":
  version: 1.2.1
  resolution: "ieee754@npm:1.2.1"
  checksum: b39fbc42879544ab1989f8ff439a3f3545d7c244a07f24607c4223291ba82ce95964a7b7fde24010ba899937046c4dfe01398c8f8bbddb53f9e562c29f18f615
  languageName: node
  linkType: hard

"ipaddr.js@npm:1.9.1":
  version: 1.9.1
  resolution: "ipaddr.js@npm:1.9.1"
  checksum: 5b70543172617fc9b0456f153d197a4fe2df54d1c808ebb17ee85e3cbcb73cf7159a29288d2f10be294f796bcb0695940d7881f8532c3b2928c8f22a97779d00
  languageName: node
  linkType: hard

"js-tokens@npm:^3.0.0 || ^4.0.0":
  version: 4.0.0
  resolution: "js-tokens@npm:4.0.0"
  checksum: 47d1c18dc6b9eed4baf1db3d81b36feb95b463201c82ffce0d7a4d65ede596ba97d6ac2468974199705db9ef8a3433606af41fc7bbe7cb25c1dd601785413d9b
  languageName: node
  linkType: hard

"json-schema-traverse@npm:^1.0.0":
  version: 1.0.0
  resolution: "json-schema-traverse@npm:1.0.0"
  checksum: 3da4fc677cfedd1745cce0c1acefebcf508c9cfa8d202ae394e38d31acbb398aea24da8e4959d5f9e44b12ebaa963bb4e4f7c25804e17484b3bfbc00519c58ca
  languageName: node
  linkType: hard

"light-my-request@npm:^5.6.1":
  version: 5.6.1
  resolution: "light-my-request@npm:5.6.1"
  dependencies:
    cookie: "npm:^0.5.0"
    process-warning: "npm:^2.0.0"
    set-cookie-parser: "npm:^2.4.1"
  checksum: e9e990ca3fbb2f0f66b83f31edf8a0d065fdeff4495a34b79fdc00f76c85eb5921d2102611a10230fef662a22fea15c7aa001459604a47a8e7e04ce336f79b08
  languageName: node
  linkType: hard

"loose-envify@npm:^1.4.0":
  version: 1.4.0
  resolution: "loose-envify@npm:1.4.0"
  dependencies:
    js-tokens: "npm:^3.0.0 || ^4.0.0"
  bin:
    loose-envify: cli.js
  checksum: 39c5fc44c6a8f7f8a92cccf174554fbb307477ef493760407920fdd4ed5f6cc1aec5b6a5ab3c3767ef79547b3e1aea09d8ca08d773232c662d910cfe473a0590
  languageName: node
  linkType: hard

"lru-cache@npm:^6.0.0":
  version: 6.0.0
  resolution: "lru-cache@npm:6.0.0"
  dependencies:
    yallist: "npm:^4.0.0"
  checksum: b2d72088dd27df27189607554990b0fd31d3fbd4037df909ef66f48a14122baf8ffce7f33edc17e6543ea7cd71fa561136518355dde2ad57676fa0b2ea53b85f
  languageName: node
  linkType: hard

"ms@npm:2.1.2":
  version: 2.1.2
  resolution: "ms@npm:2.1.2"
  checksum: 3f46af60a08158f1c77746c06c2f6c7aba7feddafd41335f9baa2d7e0741d7539774aa7d5d1661a7f2b7eed55a7063771297eea016051924dbb04d4c2bf40bcb
  languageName: node
  linkType: hard

"object-assign@npm:^4.1.1":
  version: 4.1.1
  resolution: "object-assign@npm:4.1.1"
  checksum: f5cd1f2f1e82e12207e4f2377d9d7d90fbc0d9822a6afa717a6dcab6930d8925e1ebbbb25df770c31ff11335ee423459ba65ffa2e53999926c328b806b4d73d6
  languageName: node
  linkType: hard

"on-exit-leak-free@npm:^2.1.0":
  version: 2.1.0
  resolution: "on-exit-leak-free@npm:2.1.0"
  checksum: b564f515f00c591ad7fa2afeabf57dd1ab9f27c0b9e5a523ed206dc3e2404f615516d7575cb187ade0cebd8409ce00c2046ad6755c6ad42f892d222bb1cc9fbe
  languageName: node
  linkType: hard

"optimism@npm:^0.16.1":
  version: 0.16.2
  resolution: "optimism@npm:0.16.2"
  dependencies:
    "@wry/context": "npm:^0.7.0"
    "@wry/trie": "npm:^0.3.0"
  checksum: 01219825b28a65ad84a7a7abd4d23e92a6cfb9be614b1ba13d245bd7a1c28d01083b59cc034bc5e554d4dc8e4849dd89be3a89ecdc133e38926e45cf967d744a
  languageName: node
  linkType: hard

"pino-abstract-transport@npm:v1.0.0":
  version: 1.0.0
  resolution: "pino-abstract-transport@npm:1.0.0"
  dependencies:
    readable-stream: "npm:^4.0.0"
    split2: "npm:^4.0.0"
  checksum: f6437abcc28f4d6f6e2c82361f50393c73c568647d591abfbbfb5eacc408f7a983425e4250edf7459790ef941409e19fcad7e2d10a914f3d28a13f68223fc26a
  languageName: node
  linkType: hard

"pino-std-serializers@npm:^6.0.0":
  version: 6.0.0
  resolution: "pino-std-serializers@npm:6.0.0"
  checksum: bf1e2b887cce17b4805205b10951aa6ac71a05595e4e88cc917bfeab23c3d2def540ae93d0906e8b1511ad59f51be3b3ace692d9c8e5eb7a47d92e99a08393ea
  languageName: node
  linkType: hard

"pino@npm:^8.5.0":
  version: 8.7.0
  resolution: "pino@npm:8.7.0"
  dependencies:
    atomic-sleep: "npm:^1.0.0"
    fast-redact: "npm:^3.1.1"
    on-exit-leak-free: "npm:^2.1.0"
    pino-abstract-transport: "npm:v1.0.0"
    pino-std-serializers: "npm:^6.0.0"
    process-warning: "npm:^2.0.0"
    quick-format-unescaped: "npm:^4.0.3"
    real-require: "npm:^0.2.0"
    safe-stable-stringify: "npm:^2.3.1"
    sonic-boom: "npm:^3.1.0"
    thread-stream: "npm:^2.0.0"
  bin:
    pino: bin.js
  checksum: c617e76ac54b52b9f48e300b9efe17f81b7d98756ef81d85e339f1324f226ad0c0e425e24fedf9332fd553834c881808812c60ee74f9126f1d49e5fa56d60724
  languageName: node
  linkType: hard

"prettier@npm:^2.7.1":
  version: 2.7.1
  resolution: "prettier@npm:2.7.1"
  bin:
    prettier: bin-prettier.js
  checksum: d2cd7adc83b4f3eb86ab665fa76c58fb3c60c879b37e6d858f71a9d97d2091d4c8a7fe92ad6a1dfa211832025e3660635df9c5e27b3ef79c99d431923bdf933b
  languageName: node
  linkType: hard

"process-warning@npm:^2.0.0":
  version: 2.0.0
  resolution: "process-warning@npm:2.0.0"
  checksum: 84c4eb4b0a5aa5ea30afb77bfbc820faec88a0444a6e4d552f7304f3bc5591443f7238091a226df846438b97519e9fb06acf7d8ae8680d1dbbd6081ed8b0bd8c
  languageName: node
  linkType: hard

"process@npm:^0.11.10":
  version: 0.11.10
  resolution: "process@npm:0.11.10"
  checksum: e21687b0b8fe1c6812ea43858aa5c1234e05dc6b2c366b280c850fd09d644100cbcf2f3784feec4bc6f57002a465e7eea2901acf1462ffc94ba9ac98f105ede5
  languageName: node
  linkType: hard

"prop-types@npm:^15.7.2":
  version: 15.8.1
  resolution: "prop-types@npm:15.8.1"
  dependencies:
    loose-envify: "npm:^1.4.0"
    object-assign: "npm:^4.1.1"
    react-is: "npm:^16.13.1"
  checksum: 196295f119e0f38ec64b43c1121a7e3bdbfcf66b86a01d50df22a247eb22b644033097b53a3b0961ce64d540c7a2c505c844ff245cb548b4f6eda59bbac6fbf0
  languageName: node
  linkType: hard

"proxy-addr@npm:^2.0.7":
  version: 2.0.7
  resolution: "proxy-addr@npm:2.0.7"
  dependencies:
    forwarded: "npm:0.2.0"
    ipaddr.js: "npm:1.9.1"
  checksum: c03f00d8f882b97636262d0ae7da0c502325474ea215f21b4f0664ad8f40f49d2071b52c18257d011338be3db21ca65a6e8cbc0d95fb23efc00516ce9ee37c27
  languageName: node
  linkType: hard

"punycode@npm:^2.1.0":
  version: 2.1.1
  resolution: "punycode@npm:2.1.1"
  checksum: fd728ef9db90e7b4db37d5c4937d6c6302cf4f64748b2dea3abbf1efd21e6193bb670efb7814766c858b2e1ccdb65ce34e44b498d734922e1dcb2a8623a925d8
  languageName: node
  linkType: hard

"quick-format-unescaped@npm:^4.0.3":
  version: 4.0.4
  resolution: "quick-format-unescaped@npm:4.0.4"
  checksum: 58a01dba9408d8741166f670f0ca97ef31fe2bbf29ce9faacb4f8818a21e38c8b5fda2d69e3be15e7ec11883a35aad2a1bd4cb7a19e26dcdfc9b10f6dc245976
  languageName: node
  linkType: hard

"react-is@npm:^16.13.1, react-is@npm:^16.7.0":
  version: 16.13.1
  resolution: "react-is@npm:16.13.1"
  checksum: 0c9adc5d984db733fb1dd298f3e94cdec66bc328d27fb11df65971d2cc9a299008bc64baab8fe8e79943df85b445a1008b2cc9e270825d0fd056e5a0d2df8de6
  languageName: node
  linkType: hard

"readable-stream@npm:^4.0.0":
  version: 4.2.0
  resolution: "readable-stream@npm:4.2.0"
  dependencies:
    abort-controller: "npm:^3.0.0"
    buffer: "npm:^6.0.3"
    events: "npm:^3.3.0"
    process: "npm:^0.11.10"
  checksum: 3cfa3468ad24be26c093760a60b60d6ebbf3bb2f36b5def374d4c729792cd7aa0e3a40b6fed09f1e0ff3ced0aa298a6931e3445e795ec6517b6e0ef28a519486
  languageName: node
  linkType: hard

"real-require@npm:^0.2.0":
  version: 0.2.0
  resolution: "real-require@npm:0.2.0"
  checksum: 7c125a785f6fbde1724e48c0e0cfb0aaf65d84382cc83850ffed455b7bf759843f8f69d9e54cf1777894821b82dcbdad1cd2b74a54b00e490d6aa5d58b981171
  languageName: node
  linkType: hard

"require-from-string@npm:^2.0.2":
  version: 2.0.2
  resolution: "require-from-string@npm:2.0.2"
  checksum: 3cd7be0f2b19d49ef2ec59c27cc9dbd64343c950c744651d8e31651026585d5da581df35be7a9b825f00921bf134d619fea292360dabbae11da2c211f2b601f2
  languageName: node
  linkType: hard

"response-iterator@npm:^0.2.6":
  version: 0.2.6
  resolution: "response-iterator@npm:0.2.6"
  checksum: 4eda14b5b4a9b52ece22a128fe24cc4fa21a070baa016eb3ef6e0136334b6be2c97e8b9a4d206b296da90b2cd77c27a422ac44d58a69158645027773593fe4f8
  languageName: node
  linkType: hard

"ret@npm:~0.2.0":
  version: 0.2.2
  resolution: "ret@npm:0.2.2"
  checksum: d9fbf8e2bd19415c5245e95864265b80ab1f9831a6d4cd91f9c795e5721e6894c6abf371eedcdd0d375e8d39ce4bc6a5061cfe86514de28ce997757e0d60a0d2
  languageName: node
  linkType: hard

"reusify@npm:^1.0.4":
  version: 1.0.4
  resolution: "reusify@npm:1.0.4"
  checksum: 3d0f10293851d5a50453257bb837ad973b046fc51fa489c46f3a480e0e3a9cf249babb30a493ad5f802a71510b2ee4e65a4609a644f98b3413575ab707f841d7
  languageName: node
  linkType: hard

"rfdc@npm:^1.2.0, rfdc@npm:^1.3.0":
  version: 1.3.0
  resolution: "rfdc@npm:1.3.0"
  checksum: 9ced4765721871fd25557302aac79c252fd2ce6e79b94321fc32c9c6fbecbb7207f8566672bc5421aeeb8f1b673b1c9af2a7a13c4e1d8f53ac481f8d32645409
  languageName: node
  linkType: hard

"safe-regex2@npm:^2.0.0":
  version: 2.0.0
  resolution: "safe-regex2@npm:2.0.0"
  dependencies:
    ret: "npm:~0.2.0"
  checksum: 27803fb31d04c585b869945de0881cc816af91473942605eda38d62d65234324a1fc05839ea528c0a805ac66c51e71676bf43ba1f933f5884bb8c58ecef256b3
  languageName: node
  linkType: hard

"safe-stable-stringify@npm:^2.3.1":
  version: 2.4.1
  resolution: "safe-stable-stringify@npm:2.4.1"
  checksum: 03134dca6d1f0eb74707f679ba3c3a43ebbb1722862908ac4f40c42cc74870c7ef2ca861b230903edb788906abfe8bf570b38c54be81db895d3d1f1c459b453f
  languageName: node
  linkType: hard

"secure-json-parse@npm:^2.5.0":
  version: 2.5.0
  resolution: "secure-json-parse@npm:2.5.0"
  checksum: 431384f8a58e2c11d84eff3828c28b819d72705157293755f59dfea6739fadd6e7ed4b1af47b8a49b49bdb535207bafb40e94eac0a27b21c8e45e2a78e5c085a
  languageName: node
  linkType: hard

"semver@npm:^7.3.7":
  version: 7.3.8
  resolution: "semver@npm:7.3.8"
  dependencies:
    lru-cache: "npm:^6.0.0"
  bin:
    semver: bin/semver.js
  checksum: 94ad80ee14889020cb4a14d809fb99d16cbf4ff3dc7f4c564fc72efe2c5763a60090a1c16a9fd18ceeb1e993a1303a4d870c0a22f26adaf435b368b46a7d8462
  languageName: node
  linkType: hard

"set-cookie-parser@npm:^2.4.1":
  version: 2.5.1
  resolution: "set-cookie-parser@npm:2.5.1"
  checksum: 05af504c2f8ce34d2616ff79047659a8045459aa8f1dbe969c49e7ac0eb1cce24279cddc8050b575b8f8a821c70ebb95b34ea98495da37d90d6a2cad782b36cd
  languageName: node
  linkType: hard

"sonic-boom@npm:^3.1.0":
  version: 3.2.0
  resolution: "sonic-boom@npm:3.2.0"
  dependencies:
    atomic-sleep: "npm:^1.0.0"
  checksum: fcee5153801623d8a95da6cfc654620ec812899f3f5071a03c4e9280fb0e854c70ab7ce71eaef4fc538321a5aba657ee1544a2fe69c19de36a832eaae39e4675
  languageName: node
  linkType: hard

"split2@npm:^4.0.0":
  version: 4.1.0
  resolution: "split2@npm:4.1.0"
  checksum: 9f5fcdc441f3de25900eb2dde17debef7fc41c4e0075693a4e807bd228a1f4a099484eadedbc9e36350aa207376934b5c28d6750225207ff0d2e3df3332e9cb9
  languageName: node
  linkType: hard

"symbol-observable@npm:^4.0.0":
  version: 4.0.0
  resolution: "symbol-observable@npm:4.0.0"
  checksum: ca21ea188b8a454d2bd570b7704bac4b113cfcabd5999adf874d1076cf805bd6f98915f5389a0fa32e2f9173617a1c62f310a0def00f406bcf0737ad952e529a
  languageName: node
  linkType: hard

"thread-stream@npm:^2.0.0":
  version: 2.2.0
  resolution: "thread-stream@npm:2.2.0"
  dependencies:
    real-require: "npm:^0.2.0"
  checksum: 7b50643d5bfbcad9f98cb13ef00a3b4ffa600fa90530d78e0209d282aad8840e61786268d09a361bebb557f93c937b6cd396d3cf3f9c0df80f844a12d62d549c
  languageName: node
  linkType: hard

"tiny-lru@npm:^9.0.2":
  version: 9.0.3
  resolution: "tiny-lru@npm:9.0.3"
  checksum: 1464cb8113fbdcaee93ffa10c767f01d94c410b7f9f80e68c8e822e269b963b2648e752b808a1f4f24548614e42f9a933df48fdb92a9b99244140d993ff00aac
  languageName: node
  linkType: hard

"ts-invariant@npm:^0.10.3":
  version: 0.10.3
  resolution: "ts-invariant@npm:0.10.3"
  dependencies:
    tslib: "npm:^2.1.0"
  checksum: cb1991baa5a01b4f7cdb717edf677fb1cf8a414dcae14304aa82698b40e6f64753fd347a1690a5e88cfa0d6bcc3c045ddea58f9d0ecc6a9572498256d9395ddc
  languageName: node
  linkType: hard

"tslib@npm:^2.1.0, tslib@npm:^2.3.0":
  version: 2.4.1
  resolution: "tslib@npm:2.4.1"
  checksum: a739a21e3ff059e62c7c3c0845333fbc9c081bcc91e015f2d246a31eeaf1fb0e29b10c0913c7d22f692b3203bb469fd60ca5288aa4f27d351a969df2d0714899
  languageName: node
  linkType: hard

"typescript@npm:^4.8.4":
  version: 4.8.4
  resolution: "typescript@npm:4.8.4"
  bin:
    tsc: bin/tsc
    tsserver: bin/tsserver
  checksum: 008c336ed785130b6e13254adbfc4084f5dbbe62851df9bac3eaf62fc29e0a396839c00ce47e0d92db44fa9a08b9f7ba4d31304f2b10cf7d42a0817728e822a1
  languageName: node
  linkType: hard

"typescript@patch:typescript@npm%3A^4.8.4#optional!builtin<compat/typescript>":
  version: 4.8.4
  resolution: "typescript@patch:typescript@npm%3A4.8.4#optional!builtin<compat/typescript>::version=4.8.4&hash=0102e9"
  bin:
    tsc: bin/tsc
    tsserver: bin/tsserver
  checksum: 72574875bac1c13aec22010780d4841a10a88342d73744dbbad538bb0ed601f2024187f197239f2dcbf2442f83ecc4de04a80941d49730c403969fbba035ed81
  languageName: node
  linkType: hard

"uri-js@npm:^4.2.2":
  version: 4.4.1
  resolution: "uri-js@npm:4.4.1"
  dependencies:
    punycode: "npm:^2.1.0"
  checksum: 284fedd1b11512a77e783bfd32b320a9af1f2e39fbfabf4d65d64122344a3f55b8d37ec0c77e0045f7467b99d24bd2c067c1224d74f5c76b069753c7276d8709
  languageName: node
  linkType: hard

"yallist@npm:^4.0.0":
  version: 4.0.0
  resolution: "yallist@npm:4.0.0"
  checksum: cd7fe32508c6942d8b979278fbe13846fe88cd6840d78043d08c6b2c74d67ce38b58bd21618dca8a4e132dcc025fc0e66a7d87ca10cf6ed338465607ebff4378
  languageName: node
  linkType: hard

"zen-observable-ts@npm:^1.2.5":
  version: 1.2.5
  resolution: "zen-observable-ts@npm:1.2.5"
  dependencies:
    zen-observable: "npm:0.8.15"
  checksum: 1086ac8f3a91eee4437f99e79b61f7f8c2b6040471d9a4356ee4e3b6e5b2627c4ab59a2ae7962f2f3c48d6816f2458f77d7e778d91a4a2e80102e36a0242643f
  languageName: node
  linkType: hard

"zen-observable@npm:0.8.15":
  version: 0.8.15
  resolution: "zen-observable@npm:0.8.15"
  checksum: 82d09c1bb61fdaef03edb3b96f2af90ec9ddcdb35616df249f9d7aaef3aa4e061c7ab8733678b184639a914d47ba6f77741072c1d1ebea93dcd299d85fcf969d
  languageName: node
  linkType: hard
